{
    "_meta": {
        "hash": {
            "sha256": "cfc801bf83aa6052e9bffd876281dce90a401bcabbd1faeaae939919e46736e7"
        },
        "pipfile-spec": 6,
        "requires": {
            "python_version": "3.10"
        },
        "sources": [
            {
                "name": "pypi",
                "url": "https://pypi.org/simple",
                "verify_ssl": true
            }
        ]
    },
    "default": {
        "anyio": {
            "hashes": [
                "sha256:5aadc6a1bbb7cdb0bede386cac5e2940f5e2ff3aa20277e991cf028e0585ce94",
                "sha256:c1b2d8f46a8a812513012e1107cb0e68c17159a7a594208005a57dc776e1bdc7"
            ],
            "markers": "python_version >= '3.8'",
            "version": "==4.4.0"
        },
        "certifi": {
            "hashes": [
                "sha256:3cd43f1c6fa7dedc5899d69d3ad0398fd018ad1a17fba83ddaf78aa46c747516",
                "sha256:ddc6c8ce995e6987e7faf5e3f1b02b302836a0e5d98ece18392cb1a36c72ad56"
            ],
            "markers": "python_version >= '3.6'",
            "version": "==2024.6.2"
        },
        "charset-normalizer": {
            "hashes": [
                "sha256:06435b539f889b1f6f4ac1758871aae42dc3a8c0e24ac9e60c2384973ad73027",
                "sha256:06a81e93cd441c56a9b65d8e1d043daeb97a3d0856d177d5c90ba85acb3db087",
                "sha256:0a55554a2fa0d408816b3b5cedf0045f4b8e1a6065aec45849de2d6f3f8e9786",
                "sha256:0b2b64d2bb6d3fb9112bafa732def486049e63de9618b5843bcdd081d8144cd8",
                "sha256:10955842570876604d404661fbccbc9c7e684caf432c09c715ec38fbae45ae09",
                "sha256:122c7fa62b130ed55f8f285bfd56d5f4b4a5b503609d181f9ad85e55c89f4185",
                "sha256:1ceae2f17a9c33cb48e3263960dc5fc8005351ee19db217e9b1bb15d28c02574",
                "sha256:1d3193f4a680c64b4b6a9115943538edb896edc190f0b222e73761716519268e",
                "sha256:1f79682fbe303db92bc2b1136016a38a42e835d932bab5b3b1bfcfbf0640e519",
                "sha256:2127566c664442652f024c837091890cb1942c30937add288223dc895793f898",
                "sha256:22afcb9f253dac0696b5a4be4a1c0f8762f8239e21b99680099abd9b2b1b2269",
                "sha256:25baf083bf6f6b341f4121c2f3c548875ee6f5339300e08be3f2b2ba1721cdd3",
                "sha256:2e81c7b9c8979ce92ed306c249d46894776a909505d8f5a4ba55b14206e3222f",
                "sha256:3287761bc4ee9e33561a7e058c72ac0938c4f57fe49a09eae428fd88aafe7bb6",
                "sha256:34d1c8da1e78d2e001f363791c98a272bb734000fcef47a491c1e3b0505657a8",
                "sha256:37e55c8e51c236f95b033f6fb391d7d7970ba5fe7ff453dad675e88cf303377a",
                "sha256:3d47fa203a7bd9c5b6cee4736ee84ca03b8ef23193c0d1ca99b5089f72645c73",
                "sha256:3e4d1f6587322d2788836a99c69062fbb091331ec940e02d12d179c1d53e25fc",
                "sha256:42cb296636fcc8b0644486d15c12376cb9fa75443e00fb25de0b8602e64c1714",
                "sha256:45485e01ff4d3630ec0d9617310448a8702f70e9c01906b0d0118bdf9d124cf2",
                "sha256:4a78b2b446bd7c934f5dcedc588903fb2f5eec172f3d29e52a9096a43722adfc",
                "sha256:4ab2fe47fae9e0f9dee8c04187ce5d09f48eabe611be8259444906793ab7cbce",
                "sha256:4d0d1650369165a14e14e1e47b372cfcb31d6ab44e6e33cb2d4e57265290044d",
                "sha256:549a3a73da901d5bc3ce8d24e0600d1fa85524c10287f6004fbab87672bf3e1e",
                "sha256:55086ee1064215781fff39a1af09518bc9255b50d6333f2e4c74ca09fac6a8f6",
                "sha256:572c3763a264ba47b3cf708a44ce965d98555f618ca42c926a9c1616d8f34269",
                "sha256:573f6eac48f4769d667c4442081b1794f52919e7edada77495aaed9236d13a96",
                "sha256:5b4c145409bef602a690e7cfad0a15a55c13320ff7a3ad7ca59c13bb8ba4d45d",
                "sha256:6463effa3186ea09411d50efc7d85360b38d5f09b870c48e4600f63af490e56a",
                "sha256:65f6f63034100ead094b8744b3b97965785388f308a64cf8d7c34f2f2e5be0c4",
                "sha256:663946639d296df6a2bb2aa51b60a2454ca1cb29835324c640dafb5ff2131a77",
                "sha256:6897af51655e3691ff853668779c7bad41579facacf5fd7253b0133308cf000d",
                "sha256:68d1f8a9e9e37c1223b656399be5d6b448dea850bed7d0f87a8311f1ff3dabb0",
                "sha256:6ac7ffc7ad6d040517be39eb591cac5ff87416c2537df6ba3cba3bae290c0fed",
                "sha256:6b3251890fff30ee142c44144871185dbe13b11bab478a88887a639655be1068",
                "sha256:6c4caeef8fa63d06bd437cd4bdcf3ffefe6738fb1b25951440d80dc7df8c03ac",
                "sha256:6ef1d82a3af9d3eecdba2321dc1b3c238245d890843e040e41e470ffa64c3e25",
                "sha256:753f10e867343b4511128c6ed8c82f7bec3bd026875576dfd88483c5c73b2fd8",
                "sha256:7cd13a2e3ddeed6913a65e66e94b51d80a041145a026c27e6bb76c31a853c6ab",
                "sha256:7ed9e526742851e8d5cc9e6cf41427dfc6068d4f5a3bb03659444b4cabf6bc26",
                "sha256:7f04c839ed0b6b98b1a7501a002144b76c18fb1c1850c8b98d458ac269e26ed2",
                "sha256:802fe99cca7457642125a8a88a084cef28ff0cf9407060f7b93dca5aa25480db",
                "sha256:80402cd6ee291dcb72644d6eac93785fe2c8b9cb30893c1af5b8fdd753b9d40f",
                "sha256:8465322196c8b4d7ab6d1e049e4c5cb460d0394da4a27d23cc242fbf0034b6b5",
                "sha256:86216b5cee4b06df986d214f664305142d9c76df9b6512be2738aa72a2048f99",
                "sha256:87d1351268731db79e0f8e745d92493ee2841c974128ef629dc518b937d9194c",
                "sha256:8bdb58ff7ba23002a4c5808d608e4e6c687175724f54a5dade5fa8c67b604e4d",
                "sha256:8c622a5fe39a48f78944a87d4fb8a53ee07344641b0562c540d840748571b811",
                "sha256:8d756e44e94489e49571086ef83b2bb8ce311e730092d2c34ca8f7d925cb20aa",
                "sha256:8f4a014bc36d3c57402e2977dada34f9c12300af536839dc38c0beab8878f38a",
                "sha256:9063e24fdb1e498ab71cb7419e24622516c4a04476b17a2dab57e8baa30d6e03",
                "sha256:90d558489962fd4918143277a773316e56c72da56ec7aa3dc3dbbe20fdfed15b",
                "sha256:923c0c831b7cfcb071580d3f46c4baf50f174be571576556269530f4bbd79d04",
                "sha256:95f2a5796329323b8f0512e09dbb7a1860c46a39da62ecb2324f116fa8fdc85c",
                "sha256:96b02a3dc4381e5494fad39be677abcb5e6634bf7b4fa83a6dd3112607547001",
                "sha256:9f96df6923e21816da7e0ad3fd47dd8f94b2a5ce594e00677c0013018b813458",
                "sha256:a10af20b82360ab00827f916a6058451b723b4e65030c5a18577c8b2de5b3389",
                "sha256:a50aebfa173e157099939b17f18600f72f84eed3049e743b68ad15bd69b6bf99",
                "sha256:a981a536974bbc7a512cf44ed14938cf01030a99e9b3a06dd59578882f06f985",
                "sha256:a9a8e9031d613fd2009c182b69c7b2c1ef8239a0efb1df3f7c8da66d5dd3d537",
                "sha256:ae5f4161f18c61806f411a13b0310bea87f987c7d2ecdbdaad0e94eb2e404238",
                "sha256:aed38f6e4fb3f5d6bf81bfa990a07806be9d83cf7bacef998ab1a9bd660a581f",
                "sha256:b01b88d45a6fcb69667cd6d2f7a9aeb4bf53760d7fc536bf679ec94fe9f3ff3d",
                "sha256:b261ccdec7821281dade748d088bb6e9b69e6d15b30652b74cbbac25e280b796",
                "sha256:b2b0a0c0517616b6869869f8c581d4eb2dd83a4d79e0ebcb7d373ef9956aeb0a",
                "sha256:b4a23f61ce87adf89be746c8a8974fe1c823c891d8f86eb218bb957c924bb143",
                "sha256:bd8f7df7d12c2db9fab40bdd87a7c09b1530128315d047a086fa3ae3435cb3a8",
                "sha256:beb58fe5cdb101e3a055192ac291b7a21e3b7ef4f67fa1d74e331a7f2124341c",
                "sha256:c002b4ffc0be611f0d9da932eb0f704fe2602a9a949d1f738e4c34c75b0863d5",
                "sha256:c083af607d2515612056a31f0a8d9e0fcb5876b7bfc0abad3ecd275bc4ebc2d5",
                "sha256:c180f51afb394e165eafe4ac2936a14bee3eb10debc9d9e4db8958fe36afe711",
                "sha256:c235ebd9baae02f1b77bcea61bce332cb4331dc3617d254df3323aa01ab47bd4",
                "sha256:cd70574b12bb8a4d2aaa0094515df2463cb429d8536cfb6c7ce983246983e5a6",
                "sha256:d0eccceffcb53201b5bfebb52600a5fb483a20b61da9dbc885f8b103cbe7598c",
                "sha256:d965bba47ddeec8cd560687584e88cf699fd28f192ceb452d1d7ee807c5597b7",
                "sha256:db364eca23f876da6f9e16c9da0df51aa4f104a972735574842618b8c6d999d4",
                "sha256:ddbb2551d7e0102e7252db79ba445cdab71b26640817ab1e3e3648dad515003b",
                "sha256:deb6be0ac38ece9ba87dea880e438f25ca3eddfac8b002a2ec3d9183a454e8ae",
                "sha256:e06ed3eb3218bc64786f7db41917d4e686cc4856944f53d5bdf83a6884432e12",
                "sha256:e27ad930a842b4c5eb8ac0016b0a54f5aebbe679340c26101df33424142c143c",
                "sha256:e537484df0d8f426ce2afb2d0f8e1c3d0b114b83f8850e5f2fbea0e797bd82ae",
                "sha256:eb00ed941194665c332bf8e078baf037d6c35d7c4f3102ea2d4f16ca94a26dc8",
                "sha256:eb6904c354526e758fda7167b33005998fb68c46fbc10e013ca97f21ca5c8887",
                "sha256:eb8821e09e916165e160797a6c17edda0679379a4be5c716c260e836e122f54b",
                "sha256:efcb3f6676480691518c177e3b465bcddf57cea040302f9f4e6e191af91174d4",
                "sha256:f27273b60488abe721a075bcca6d7f3964f9f6f067c8c4c605743023d7d3944f",
                "sha256:f30c3cb33b24454a82faecaf01b19c18562b1e89558fb6c56de4d9118a032fd5",
                "sha256:fb69256e180cb6c8a894fee62b3afebae785babc1ee98b81cdf68bbca1987f33",
                "sha256:fd1abc0d89e30cc4e02e4064dc67fcc51bd941eb395c502aac3ec19fab46b519",
                "sha256:ff8fa367d09b717b2a17a052544193ad76cd49979c805768879cb63d9ca50561"
            ],
            "markers": "python_full_version >= '3.7.0'",
            "version": "==3.3.2"
        },
        "click": {
            "hashes": [
                "sha256:ae74fb96c20a0277a1d615f1e4d73c8414f5a98db8b799a7931d1582f3390c28",
                "sha256:ca9853ad459e787e2192211578cc907e7594e294c7ccc834310722b41b9ca6de"
            ],
            "markers": "python_version >= '3.7'",
            "version": "==8.1.7"
        },
        "exceptiongroup": {
            "hashes": [
                "sha256:5258b9ed329c5bbdd31a309f53cbfb0b155341807f6ff7606a1e801a891b29ad",
                "sha256:a4785e48b045528f5bfe627b6ad554ff32def154f42372786903b7abcfe1aa16"
            ],
            "markers": "python_version < '3.11'",
            "version": "==1.2.1"
        },
        "fastapi": {
            "hashes": [
                "sha256:976df7bab51ac7beda9f68c4513b8c4490b5c1135c72aafd0a5ee4023ec5282e",
                "sha256:ac78f717cd80d657bd183f94d33b9bda84aa376a46a9dab513586b8eef1dc6fc"
            ],
            "index": "pypi",
            "markers": "python_version >= '3.7'",
            "version": "==0.99.1"
        },
        "h11": {
            "hashes": [
                "sha256:8f19fbbe99e72420ff35c00b27a34cb9937e902a8b810e2c88300c6f0a3b699d",
                "sha256:e3fe4ac4b851c468cc8363d500db52c2ead036020723024a109d37346efaa761"
            ],
            "markers": "python_version >= '3.7'",
            "version": "==0.14.0"
        },
        "idna": {
            "hashes": [
                "sha256:028ff3aadf0609c1fd278d8ea3089299412a7a8b9bd005dd08b9f8285bcb5cfc",
                "sha256:82fee1fc78add43492d3a1898bfa6d8a904cc97d8427f683ed8e798d07761aa0"
            ],
            "markers": "python_version >= '3.5'",
            "version": "==3.7"
        },
        "mangum": {
            "hashes": [
                "sha256:5b4e26375e12eed051687670466d17968f8b74beecaca432edd4eb4127f78509",
                "sha256:f00be705605bc4793958df62e4d249abf58d254c39d90bb410d069570206f4a2"
            ],
            "index": "pypi",
            "markers": "python_version >= '3.7'",
            "version": "==0.17.0"
        },
        "pydantic": {
            "hashes": [
                "sha256:067c2b5539f7839653ad8c3d1fc2f1343338da8677b7b2172abf3cd3fdc8f719",
                "sha256:16cf23ed599ca5ca937e37ba50ab114e6b5c387eb43a6cc533701605ad1be611",
                "sha256:18548b30ccebe71d380b0886cc44ea5d80afbcc155e3518792f13677ad06097d",
                "sha256:1a539ac40551b01a85e899829aa43ca8036707474af8d74b48be288d4d2d2846",
                "sha256:22dd265c77c3976a34be78409b128cb84629284dfd1b69d2fa1507a36f84dc8b",
                "sha256:3895ddb26f22bdddee7e49741486aa7b389258c6f6771943e87fc00eabd79134",
                "sha256:4660dd697de1ae2d4305a85161312611f64d5360663a9ba026cd6ad9e3fe14c3",
                "sha256:4b7b99424cc0970ff08deccb549b5a6ec1040c0b449eab91723e64df2bd8fdca",
                "sha256:4d1fc943583c046ecad0ff5d6281ee571b64e11b5503d9595febdce54f38b290",
                "sha256:4e92292f9580fc5ea517618580fac24e9f6dc5657196e977c194a8e50e14f5a9",
                "sha256:4fa86469fd46e732242c7acb83282d33f83591a7e06f840481327d5bf6d96112",
                "sha256:55b945da2756b5cef93d792521ad0d457fdf2f69fd5a2d10a27513f5281717dd",
                "sha256:5973843f1fa99ec6c3ac8d1a8698ac9340b35e45cca6c3e5beb5c3bd1ef15de6",
                "sha256:5da8bc4bb4f85b8c97cc7f11141fddbbd29eb25e843672e5807e19cc3d7c1b7f",
                "sha256:5f039881fb2ef86f6de6eacce6e71701b47500355738367413ccc1550b2a69cf",
                "sha256:78e59fa919fa7a192f423d190d8660c35dd444efa9216662273f36826765424b",
                "sha256:89c2783dc261726fe7a5ce1121bce29a2f7eb9b1e704c68df2b117604e3b346f",
                "sha256:8a4fcc7b0b8038dbda2dda642cff024032dfae24a7960cc58e57a39eb1949b9b",
                "sha256:8abaecf54dacc9d991dda93c3b880d41092a8924cde94eeb811d7d9ab55df7d8",
                "sha256:8bb388f6244809af69ee384900b10b677a69f1980fdc655ea419710cffcb5610",
                "sha256:8d23111f41d1e19334edd51438fd57933f3eee7d9d2fa8cc3f5eda515a272055",
                "sha256:900a787c574f903a97d0bf52a43ff3b6cf4fa0119674bcfc0e5fd1056d388ad9",
                "sha256:9d91f6866fd3e303c632207813ef6bc4d86055e21c5e5a0a311983a9ac5f0192",
                "sha256:a04ee1ea34172b87707a6ecfcdb120d7656892206b7c4dbdb771a73e90179fcb",
                "sha256:aa2774ba5412fd1c5cb890d08e8b0a3bb5765898913ba1f61a65a4810f03cf29",
                "sha256:b73e6386b439b4881d79244e9fc1e32d1e31e8d784673f5d58a000550c94a6c0",
                "sha256:b7e82a80068c77f4b074032e031e642530b6d45cb8121fc7c99faa31fb6c6b72",
                "sha256:b9ded699bfd3b3912d796ff388b0c607e6d35d41053d37aaf8fd6082c660de9a",
                "sha256:c6b8a7788a8528a558828fe4a48783cafdcf2612d13c491594a8161dc721629c",
                "sha256:d30192a63e6d3334c3f0c0506dd6ae9f1dce7b2f8845518915291393a5707a22",
                "sha256:d82d5956cee27a30e26a5b88d00a6a2a15a4855e13c9baf50175976de0dc282c",
                "sha256:d8d3c71d14c8bd26d2350c081908dbf59d5a6a8f9596d9ef2b09cc1e61c8662b",
                "sha256:d97a35e1ba59442775201657171f601a2879e63517a55862a51f8d67cdfc0017",
                "sha256:daeb199814333e4426c5e86d7fb610f4e230289f28cab90eb4de27330bef93cf",
                "sha256:ddc7b682fbd23f051edc419dc6977e11dd2dbdd0cef9d05f0e15d1387862d230",
                "sha256:ef287b8d7fc0e86a8bd1f902c61aff6ba9479c50563242fe88ba39692e98e1e0"
            ],
            "markers": "python_version >= '3.7'",
            "version": "==1.10.16"
        },
        "pydantic-core": {
            "hashes": [
                "sha256:026690f5aa159307781e718329186f24189164874b8dd7dd19590260874e2be7",
                "sha256:07b744aa0718e86855947a5576791235eb910b60f870746cfb75042ac66a2270",
                "sha256:0f65a407ac2d91b37b1ae0e3da48ca0e7bf5061149fcc21d4c2088241fc7a531",
                "sha256:13ec4208ddb5ff5c667bdc09236cff77bcb2254c5cf6ef26e413e2e20a4f80f0",
                "sha256:15aab2773e658a2bfe6562032f5f405e50c85a9a1afd75d10f593e854f2bcd1b",
                "sha256:15fb787b259104d7df7b0562287aa69b2ff363193d67f9b42a07cd001b391a47",
                "sha256:1defd1eb666fc36aec5b96367127dbcae597f0b722829740860f581d3ece42f8",
                "sha256:1e00bf187fd312c0a4d798a211708fc60dd1c3cad26b54b8d336aabf39727b81",
                "sha256:21cf8fd9923b4ef58204e24eaace75bebddcf1425afe89706283e330b7ead4ae",
                "sha256:24dfedebd821738c8b8bf7951c7aef2e3593d775046443944dbb6d0dbdcd78c9",
                "sha256:27993792688aeff069e6cc624b1650379089444135439fab1c3eda509d017f57",
                "sha256:2f679829cb27dbdbff17597dd0a7ba070be2727bd3de70af7329a264a4b10ecd",
                "sha256:3035c6c9b299bcdbb2f5ac5dc5ced6be4242d3c6fb474bc53a6a494afba099de",
                "sha256:352175bd4d54a5b8df0c758ce681f98db171bd5f28f29273f7409f3fbe3f9c2c",
                "sha256:357b4d4f7bd4439327f07373c198a10aa228c1249bb76e33b4f85630d8396194",
                "sha256:36093c97fdc655455862a19c4a7fe615ef073cadf91a81bb9a603256005a2e6f",
                "sha256:3615d683a634771386b360f6ecd43da1aa9be02813ec9d0e947155374fd206fa",
                "sha256:3715d312f5fcd79b69376f2c917e2dc8cd580b428ef701a9dd4426ec49671fe0",
                "sha256:3b0affcf41101b76f1bc2371dc894d8f43299f55e383618ffd8f6a48b9bb2885",
                "sha256:3baf0158d6c8f7471fbe9a21ca45a071f6c46cf4e633712c043b25d474623bfd",
                "sha256:3e718e2815772cacad70ab87e6c0c028bbbfae87da7dfc46b5a5895d5d8d94b6",
                "sha256:44d7c5ba941e5e5106c0d79d8fe40b8b2a36a22336a0ce486afc3ed9b8678a14",
                "sha256:455c336d8f73d67fff2e832e1527665b268446b7cc6fd7e3d4a0a91bb7a8b8b6",
                "sha256:45bb25a24765293e1c347978eae783c39a4d898be86c207e362824e8b6a47f1a",
                "sha256:46a0404fd493106eee5c759de0e42bf787722f16aff39759a4b4850e7ca06b5d",
                "sha256:48138fc8ade536559a2c37efa6458f694a22eb1a183caaf95018a3d19ee0ffe6",
                "sha256:4c64e93a29f6eecfaedd181a3d762dfd4565e0cb56f5449b4d219d3e71db578e",
                "sha256:4caedbde10dcbd1512b3fe7b32cfd7eba733ca973d3b717523eb847173209c7c",
                "sha256:527290b265d9cecc9a241ca6b63bd4e9a759839da0c96bbd788591bfd61df1a3",
                "sha256:54cfbf6df12ed244ec53d0b5b07e1aa797d50d8ebf6d21d11ded269b4f3cbb23",
                "sha256:58714a33947e81b8a036b37de1a81101a0c6ecc08d72eef3a49f6744dac3e5ca",
                "sha256:58fcf8e2c7e80f8691d88b9c576b5ba169e5ef013f3e18506c84abe1f0bdc4f5",
                "sha256:5992e489b7596a34d1eb97e0791acf657090418fed8c8e4de8f1347524be28dc",
                "sha256:5ab7054b15e89694097b4809147809513cdb3fe690f66db70a912b73ed178ca8",
                "sha256:5aefa8ca2dfc707b525d6724e648555a3c34bc590ba71412c5faa727c332d81d",
                "sha256:5b9b324df3192eeee1a9ce086500089953f1b935753f103e173c792bf7b13b55",
                "sha256:5d63680fa4f3601026b81a8b13e5a4a1a6902ec6ae34e754e9a2ecc3be32be60",
                "sha256:67fa4221c5447e386ca953f5d98e53ca9ca2608d9cc00ca879f0b973fc9f52c8",
                "sha256:6f9d7f0deb94fd0a686d979cf96033ad153cb847403dfcbca30059a57b4aa485",
                "sha256:742566a30de54e708d514596c735bbdead59094ac2ad22b649a8eeaa49bb15e4",
                "sha256:76911b1e736ddb8328136f4a4e95df23d1eb81a0db37b8ffa559e76cdd3e002b",
                "sha256:77050e7fe77ad498e11e47c49b76f2535baf5f587305d5acacb14115e534b2cd",
                "sha256:7c4e3da14078204adaef4c5636feb02e69373a6d27f68671b2fe683c5c737a83",
                "sha256:7cce949b12d3a2ea53ead1e58c9807b17fb8e1fc3e3abf2953032eb070cab9ac",
                "sha256:817b1f1ec02a51b7cf090a3f1c63b889ab12e4b7151c22329c8594c17d775425",
                "sha256:81a1970745c106a918422fef735a91bfd09631ba97cc97eb846a0bfb1eee03e0",
                "sha256:844b5ac60646c6a47c71d170bbcd9a515b8006c72c9cbbe43db7b012127085f0",
                "sha256:8681193e0c1e489ceb78d55c2e80dd00ebf083d697f8e2ba870245d8074e2656",
                "sha256:9653ef3574d4d79f6f79c9b1ccce19370a80c2949ce111ab899566f11869f580",
                "sha256:9ad77f1aecedef233390eff7fd643fe652e5ac92b793329424c2a1d2e28c08d1",
                "sha256:a29c8c2f2bc046336b8f70ecbd5091c64e2d82a811bec263f25f1f30d770d05b",
                "sha256:a483bc5c431fdcec8d866183ac94841570735217900dc267163b1b5a29d4c10f",
                "sha256:a7750d8965be1588d4d5f452863acca70e9f41b58e7c24d69536ee62a3938202",
                "sha256:ad6985163b91f1d13505b720e89e6e19b784fbf3f5bceec8330c128fa5ba89c3",
                "sha256:b1d48e18d4b7ce7dd870a3472b414881f27e65b6c5c69f55165639f452d9c367",
                "sha256:b32208224433acec32d5da482d6623c09ee7a25a63c8c7719c0a73e4bb7bb545",
                "sha256:b548f17c140399c5d81139bf16adeaca57500099d57d3e25aa6e615828b30a1e",
                "sha256:b5db504acd1b2aa7ffda224d9f314718adcf89d7f878472cdbb3950e1f5a975c",
                "sha256:b724147bdad11f027127785865833b4368ffad0c8c4eda5a009682379db65657",
                "sha256:b9df3d2aed76f14cfe71b225269737c9118dfedb08238f300a3f5459e52ce1ff",
                "sha256:bbcee251d1055e6e569c96e01db94c082b8cdfe57acb7bb233366387c730a641",
                "sha256:be4e1a1b1350a08c914612dd23af3bbb4814b527ab1dc3c7d260f60729a5adb4",
                "sha256:bf1330e984de7145da005ef3aeb6e7f3c0eadbbdb2c5e9031c8528a7207b6a01",
                "sha256:c3a2d247ecc1ecd48ea13a15074591b934fcec8fecf328ae7a27afed9ab62b7d",
                "sha256:c45711bee4e7f8e69479c08f3ccf80efaefb762c94e90bebe43967f5b8565624",
                "sha256:c46cf8061b57d88a1cdf9644c40e7a4c77e4fd297ce56d70293cd92d833cde62",
                "sha256:d02a9508bb48f1cdfde82a229c36ecd98cd475dd9f5abaa98d18f7f2e6703689",
                "sha256:d32ebe0a199b6f0706d7f0c2de2dbc5a29b8cb0d850f31164b0d20bf61116ba6",
                "sha256:e0dae4db074872ca570a8c9a2b90cb1eae2f65e0d23555c76db912ffed00694c",
                "sha256:e6a66f7c2e829f3577cd9f6e257ff8dd189084779f8169ac655ac2b3c384b5e7",
                "sha256:e7011ec8486fed50ccd964d192d6e2a019ac43081ea626ee415df3e2da53d420",
                "sha256:eb8622c0c438e918514c905e9e0c2fad6cb74dd170b1475c760d0d9b96d9502b",
                "sha256:ee937e3e680933cbc3c918472ec3cf8c81fe0742edd726ac321624b8966cf373",
                "sha256:eff7ea443e688df5696a8f78519533f2e5964fefd5e2d30c0e233937f3ecf426",
                "sha256:fb0f1ef04c3f1720aaace06bcc79bf65b25e212ec4328a31b7e211478da236cd",
                "sha256:fe4f2c5988fe627a17e3a2445ea4698f8e4d8138672a863980901cd90c80d11d",
                "sha256:ff43c2c8a880290f2c7d5253351962120d8274594572a70e18a567b3f8f767dc"
            ],
            "markers": "sys_platform == 'linux' or sys_platform == 'darwin'",
            "version": "==2.19.0"
        },
        "requests": {
            "hashes": [
                "sha256:55365417734eb18255590a9ff9eb97e9e1da868d4ccd6402399eaf68af20a760",
                "sha256:70761cfe03c773ceb22aa2f671b4757976145175cdfca038c02654d061d6dcc6"
            ],
            "index": "pypi",
            "markers": "python_version >= '3.8'",
            "version": "==2.32.3"
        },
        "sniffio": {
            "hashes": [
                "sha256:2f6da418d1f1e0fddd844478f41680e794e6051915791a034ff65e5f100525a2",
                "sha256:f4324edc670a0f49750a81b895f35c3adb843cca46f0530f79fc1babb23789dc"
            ],
            "markers": "python_version >= '3.7'",
            "version": "==1.3.1"
        },
        "starlette": {
            "hashes": [
                "sha256:6a6b0d042acb8d469a01eba54e9cda6cbd24ac602c4cd016723117d6a7e73b75",
                "sha256:918416370e846586541235ccd38a474c08b80443ed31c578a418e2209b3eef91"
            ],
            "markers": "python_version >= '3.7'",
            "version": "==0.27.0"
        },
        "typing-extensions": {
            "hashes": [
                "sha256:04e5ca0351e0f3f85c6853954072df659d0d13fac324d0072316b67d7794700d",
                "sha256:1a7ead55c7e559dd4dee8856e3a88b41225abfe1ce8df57b7c13915fe121ffb8"
            ],
            "markers": "python_version >= '3.8'",
            "version": "==4.12.2"
        },
        "urllib3": {
            "hashes": [
                "sha256:a448b2f64d686155468037e1ace9f2d2199776e17f0a46610480d311f73e3472",
                "sha256:dd505485549a7a552833da5e6063639d0d177c04f23bc3864e41e5dc5f612168"
            ],
            "markers": "python_version >= '3.8'",
            "version": "==2.2.2"
        },
        "uvicorn": {
            "extras": [
                "standard"
            ],
            "hashes": [
                "sha256:cd17daa7f3b9d7a24de3617820e634d0933b69eed8e33a516071174427238c81",
                "sha256:d46cd8e0fd80240baffbcd9ec1012a712938754afcf81bce56c024c1656aece8"
            ],
            "index": "pypi",
            "markers": "python_version >= '3.8'",
            "version": "==0.30.1"
        }
    },
    "develop": {}
}
