{
  "version": 4,
  "terraform_version": "1.5.7",
  "serial": 69,
  "lineage": "e39867a4-0d98-7e7d-1ef5-eaa9933a1f06",
  "outputs": {
    "user_pool_client_id": {
      "value": "mehiu6nkd9eshibihg8v4mm7j",
      "type": "string"
    },
    "user_pool_id": {
      "value": "us-east-2_7MTWVQqwy",
      "type": "string"
    }
  },
  "resources": [
    {
      "mode": "managed",
      "type": "aws_cognito_user",
      "name": "example_user",
      "provider": "provider[\"registry.terraform.io/hashicorp/aws\"]",
      "instances": [
        {
          "schema_version": 0,
          "attributes": {
            "attributes": {
              "email": "halil.agin@gmail.com",
              "email_verified": "true",
              "name": "Halil Agin",
              "sub": "718ba5c0-f0b1-7097-c416-a08dc02350df"
            },
            "client_metadata": null,
            "creation_date": "2024-06-10T10:26:20Z",
            "desired_delivery_mediums": null,
            "enabled": true,
            "force_alias_creation": false,
            "id": "us-east-2_7MTWVQqwy/halilagin",
            "last_modified_date": "2024-06-10T10:26:20Z",
            "message_action": "SUPPRESS",
            "mfa_setting_list": [],
            "password": "YourTempPassword2024!!",
            "preferred_mfa_setting": "",
            "status": "CONFIRMED",
            "sub": "718ba5c0-f0b1-7097-c416-a08dc02350df",
            "temporary_password": null,
            "user_pool_id": "us-east-2_7MTWVQqwy",
            "username": "halilagin",
            "validation_data": null
          },
          "sensitive_attributes": [],
          "private": "bnVsbA==",
          "dependencies": [
            "aws_cognito_user_pool.sculture"
          ]
        }
      ]
    },
    {
      "mode": "managed",
      "type": "aws_cognito_user_pool",
      "name": "sculture",
      "provider": "provider[\"registry.terraform.io/hashicorp/aws\"]",
      "instances": [
        {
          "schema_version": 0,
          "attributes": {
            "account_recovery_setting": [
              {
                "recovery_mechanism": [
                  {
                    "name": "verified_email",
                    "priority": 1
                  },
                  {
                    "name": "verified_phone_number",
                    "priority": 2
                  }
                ]
              }
            ],
            "admin_create_user_config": [
              {
                "allow_admin_create_user_only": false,
                "invite_message_template": []
              }
            ],
            "alias_attributes": [
              "email"
            ],
            "arn": "arn:aws:cognito-idp:us-east-2:242609326423:userpool/us-east-2_7MTWVQqwy",
            "auto_verified_attributes": [
              "email"
            ],
            "creation_date": "2024-06-10T10:26:19Z",
            "custom_domain": "",
            "deletion_protection": "INACTIVE",
            "device_configuration": [],
            "domain": "example-terraform-hosted-ui",
            "email_configuration": [
              {
                "configuration_set": "",
                "email_sending_account": "COGNITO_DEFAULT",
                "from_email_address": "",
                "reply_to_email_address": "",
                "source_arn": ""
              }
            ],
            "email_verification_message": "",
            "email_verification_subject": "",
            "endpoint": "cognito-idp.us-east-2.amazonaws.com/us-east-2_7MTWVQqwy",
            "estimated_number_of_users": 1,
            "id": "us-east-2_7MTWVQqwy",
            "lambda_config": [],
            "last_modified_date": "2024-06-10T10:34:09Z",
            "mfa_configuration": "OFF",
            "name": "sculture-user-pool",
            "password_policy": [
              {
                "minimum_length": 8,
                "require_lowercase": true,
                "require_numbers": true,
                "require_symbols": true,
                "require_uppercase": true,
                "temporary_password_validity_days": 7
              }
            ],
            "schema": [
              {
                "attribute_data_type": "String",
                "developer_only_attribute": false,
                "mutable": false,
                "name": "email",
                "number_attribute_constraints": [],
                "required": true,
                "string_attribute_constraints": [
                  {
                    "max_length": "2048",
                    "min_length": "1"
                  }
                ]
              }
            ],
            "sms_authentication_message": "",
            "sms_configuration": [],
            "sms_verification_message": "",
            "software_token_mfa_configuration": [],
            "tags": {},
            "tags_all": {},
            "user_attribute_update_settings": [],
            "user_pool_add_ons": [],
            "username_attributes": [],
            "username_configuration": [],
            "verification_message_template": [
              {
                "default_email_option": "CONFIRM_WITH_CODE",
                "email_message": "",
                "email_message_by_link": "",
                "email_subject": "",
                "email_subject_by_link": "",
                "sms_message": ""
              }
            ]
          },
          "sensitive_attributes": [],
          "private": "bnVsbA=="
        }
      ]
    },
    {
      "mode": "managed",
      "type": "aws_cognito_user_pool_client",
      "name": "sculture_pool_client",
      "provider": "provider[\"registry.terraform.io/hashicorp/aws\"]",
      "instances": [
        {
          "schema_version": 0,
          "attributes": {
            "access_token_validity": 1440,
            "allowed_oauth_flows": [
              "implicit"
            ],
            "allowed_oauth_flows_user_pool_client": true,
            "allowed_oauth_scopes": [
              "aws.cognito.signin.user.admin",
              "email",
              "openid",
              "phone",
              "profile"
            ],
            "analytics_configuration": [],
            "auth_session_validity": 3,
            "callback_urls": [
              "https://sculture.local/callback"
            ],
            "client_secret": "",
            "default_redirect_uri": "",
            "enable_propagate_additional_user_context_data": false,
            "enable_token_revocation": true,
            "explicit_auth_flows": [
              "ALLOW_ADMIN_USER_PASSWORD_AUTH",
              "ALLOW_CUSTOM_AUTH",
              "ALLOW_REFRESH_TOKEN_AUTH",
              "ALLOW_USER_PASSWORD_AUTH",
              "ALLOW_USER_SRP_AUTH"
            ],
            "generate_secret": null,
            "id": "mehiu6nkd9eshibihg8v4mm7j",
            "id_token_validity": 0,
            "logout_urls": [
              "https://sculture.local/logout"
            ],
            "name": "sculture-client",
            "prevent_user_existence_errors": "ENABLED",
            "read_attributes": [],
            "refresh_token_validity": 30,
            "supported_identity_providers": [
              "COGNITO"
            ],
            "token_validity_units": [
              {
                "access_token": "minutes",
                "id_token": "hours",
                "refresh_token": "days"
              }
            ],
            "user_pool_id": "us-east-2_7MTWVQqwy",
            "write_attributes": []
          },
          "sensitive_attributes": [],
          "dependencies": [
            "aws_cognito_user_pool.sculture"
          ]
        }
      ]
    },
    {
      "mode": "managed",
      "type": "aws_cognito_user_pool_domain",
      "name": "main",
      "provider": "provider[\"registry.terraform.io/hashicorp/aws\"]",
      "instances": [
        {
          "schema_version": 0,
          "attributes": {
            "aws_account_id": "242609326423",
            "certificate_arn": "",
            "cloudfront_distribution": "d1lcia0inyjsq.cloudfront.net",
            "cloudfront_distribution_arn": "d1lcia0inyjsq.cloudfront.net",
            "cloudfront_distribution_zone_id": "Z2FDTNDATAQYW2",
            "domain": "example-terraform-hosted-ui",
            "id": "example-terraform-hosted-ui",
            "s3_bucket": "aws-cognito-prod-cmh-assets",
            "user_pool_id": "us-east-2_7MTWVQqwy",
            "version": "20240610102620"
          },
          "sensitive_attributes": [],
          "private": "bnVsbA==",
          "dependencies": [
            "aws_cognito_user_pool.sculture"
          ]
        }
      ]
    }
  ],
  "check_results": null
}
