{
  "version": 4,
  "terraform_version": "1.5.7",
  "serial": 272,
  "lineage": "e39867a4-0d98-7e7d-1ef5-eaa9933a1f06",
  "outputs": {
    "user_pool_client_id": {
      "value": "2g5oc3otf96r1t8mj715pmsvtl",
      "type": "string"
    },
    "user_pool_id": {
      "value": "us-east-2_swlvPtr4R",
      "type": "string"
    }
  },
  "resources": [
    {
      "mode": "managed",
      "type": "aws_cognito_user",
      "name": "example_user",
      "provider": "provider[\"registry.terraform.io/hashicorp/aws\"]",
      "instances": [
        {
          "schema_version": 0,
          "attributes": {
            "attributes": {
              "email": "halil.agin@gmail.com",
              "email_verified": "true",
              "name": "Halil Agin",
              "sub": "615b8570-90b1-7032-e9e6-565c0b599b27"
            },
            "client_metadata": null,
            "creation_date": "2024-06-10T15:02:08Z",
            "desired_delivery_mediums": null,
            "enabled": true,
            "force_alias_creation": false,
            "id": "us-east-2_swlvPtr4R/halilagin",
            "last_modified_date": "2024-06-10T15:02:08Z",
            "message_action": "SUPPRESS",
            "mfa_setting_list": [],
            "password": "YourTempPassword2024!!",
            "preferred_mfa_setting": "",
            "status": "CONFIRMED",
            "sub": "615b8570-90b1-7032-e9e6-565c0b599b27",
            "temporary_password": null,
            "user_pool_id": "us-east-2_swlvPtr4R",
            "username": "halilagin",
            "validation_data": null
          },
          "sensitive_attributes": [],
          "private": "bnVsbA==",
          "dependencies": [
            "aws_cognito_user_pool.sculture"
          ]
        }
      ]
    },
    {
      "mode": "managed",
      "type": "aws_cognito_user_pool",
      "name": "sculture",
      "provider": "provider[\"registry.terraform.io/hashicorp/aws\"]",
      "instances": [
        {
          "schema_version": 0,
          "attributes": {
            "account_recovery_setting": [
              {
                "recovery_mechanism": [
                  {
                    "name": "verified_email",
                    "priority": 1
                  },
                  {
                    "name": "verified_phone_number",
                    "priority": 2
                  }
                ]
              }
            ],
            "admin_create_user_config": [
              {
                "allow_admin_create_user_only": false,
                "invite_message_template": []
              }
            ],
            "alias_attributes": [
              "email"
            ],
            "arn": "arn:aws:cognito-idp:us-east-2:242609326423:userpool/us-east-2_swlvPtr4R",
            "auto_verified_attributes": [
              "email"
            ],
            "creation_date": "2024-06-10T15:02:07Z",
            "custom_domain": "",
            "deletion_protection": "INACTIVE",
            "device_configuration": [],
            "domain": "example-terraform-hosted-ui",
            "email_configuration": [
              {
                "configuration_set": "",
                "email_sending_account": "COGNITO_DEFAULT",
                "from_email_address": "",
                "reply_to_email_address": "",
                "source_arn": ""
              }
            ],
            "email_verification_message": "",
            "email_verification_subject": "",
            "endpoint": "cognito-idp.us-east-2.amazonaws.com/us-east-2_swlvPtr4R",
            "estimated_number_of_users": 1,
            "id": "us-east-2_swlvPtr4R",
            "lambda_config": [],
            "last_modified_date": "2024-06-10T15:53:53Z",
            "mfa_configuration": "OFF",
            "name": "sculture-user-pool",
            "password_policy": [
              {
                "minimum_length": 8,
                "require_lowercase": true,
                "require_numbers": true,
                "require_symbols": true,
                "require_uppercase": true,
                "temporary_password_validity_days": 7
              }
            ],
            "schema": [
              {
                "attribute_data_type": "String",
                "developer_only_attribute": false,
                "mutable": false,
                "name": "email",
                "number_attribute_constraints": [],
                "required": true,
                "string_attribute_constraints": [
                  {
                    "max_length": "2048",
                    "min_length": "1"
                  }
                ]
              }
            ],
            "sms_authentication_message": "",
            "sms_configuration": [],
            "sms_verification_message": "",
            "software_token_mfa_configuration": [],
            "tags": {},
            "tags_all": {},
            "user_attribute_update_settings": [],
            "user_pool_add_ons": [],
            "username_attributes": [],
            "username_configuration": [],
            "verification_message_template": [
              {
                "default_email_option": "CONFIRM_WITH_CODE",
                "email_message": "",
                "email_message_by_link": "",
                "email_subject": "",
                "email_subject_by_link": "",
                "sms_message": ""
              }
            ]
          },
          "sensitive_attributes": [],
          "private": "bnVsbA=="
        }
      ]
    },
    {
      "mode": "managed",
      "type": "aws_cognito_user_pool_client",
      "name": "sculture_pool_client",
      "provider": "provider[\"registry.terraform.io/hashicorp/aws\"]",
      "instances": [
        {
          "schema_version": 0,
          "attributes": {
            "access_token_validity": 1440,
            "allowed_oauth_flows": [
              "implicit"
            ],
            "allowed_oauth_flows_user_pool_client": true,
            "allowed_oauth_scopes": [
              "aws.cognito.signin.user.admin",
              "email",
              "openid",
              "phone",
              "profile"
            ],
            "analytics_configuration": [],
            "auth_session_validity": 3,
            "callback_urls": [
              "https://sculture.local/callback"
            ],
            "client_secret": "",
            "default_redirect_uri": "",
            "enable_propagate_additional_user_context_data": false,
            "enable_token_revocation": true,
            "explicit_auth_flows": [
              "ALLOW_ADMIN_USER_PASSWORD_AUTH",
              "ALLOW_CUSTOM_AUTH",
              "ALLOW_REFRESH_TOKEN_AUTH",
              "ALLOW_USER_PASSWORD_AUTH",
              "ALLOW_USER_SRP_AUTH"
            ],
            "generate_secret": null,
            "id": "2g5oc3otf96r1t8mj715pmsvtl",
            "id_token_validity": 0,
            "logout_urls": [
              "https://sculture.local/logout"
            ],
            "name": "sculture-client",
            "prevent_user_existence_errors": "ENABLED",
            "read_attributes": [],
            "refresh_token_validity": 30,
            "supported_identity_providers": [
              "COGNITO"
            ],
            "token_validity_units": [
              {
                "access_token": "minutes",
                "id_token": "hours",
                "refresh_token": "days"
              }
            ],
            "user_pool_id": "us-east-2_swlvPtr4R",
            "write_attributes": []
          },
          "sensitive_attributes": [],
          "dependencies": [
            "aws_cognito_user_pool.sculture"
          ]
        }
      ]
    },
    {
      "mode": "managed",
      "type": "aws_cognito_user_pool_domain",
      "name": "main",
      "provider": "provider[\"registry.terraform.io/hashicorp/aws\"]",
      "instances": [
        {
          "schema_version": 0,
          "attributes": {
            "aws_account_id": "242609326423",
            "certificate_arn": "",
            "cloudfront_distribution": "d1lcia0inyjsq.cloudfront.net",
            "cloudfront_distribution_arn": "d1lcia0inyjsq.cloudfront.net",
            "cloudfront_distribution_zone_id": "Z2FDTNDATAQYW2",
            "domain": "example-terraform-hosted-ui",
            "id": "example-terraform-hosted-ui",
            "s3_bucket": "aws-cognito-prod-cmh-assets",
            "user_pool_id": "us-east-2_swlvPtr4R",
            "version": "20240610150208"
          },
          "sensitive_attributes": [],
          "private": "bnVsbA==",
          "dependencies": [
            "aws_cognito_user_pool.sculture"
          ]
        }
      ]
    },
    {
      "mode": "managed",
      "type": "aws_iam_role",
      "name": "lambda_execution_role",
      "provider": "provider[\"registry.terraform.io/hashicorp/aws\"]",
      "instances": [
        {
          "schema_version": 0,
          "attributes": {
            "arn": "arn:aws:iam::242609326423:role/lambda_execution_role",
            "assume_role_policy": "{\"Statement\":[{\"Action\":\"sts:AssumeRole\",\"Effect\":\"Allow\",\"Principal\":{\"Service\":\"lambda.amazonaws.com\"}}],\"Version\":\"2012-10-17\"}",
            "create_date": "2024-06-10T15:02:07Z",
            "description": "",
            "force_detach_policies": false,
            "id": "lambda_execution_role",
            "inline_policy": [],
            "managed_policy_arns": [
              "arn:aws:iam::aws:policy/service-role/AWSLambdaBasicExecutionRole"
            ],
            "max_session_duration": 3600,
            "name": "lambda_execution_role",
            "name_prefix": "",
            "path": "/",
            "permissions_boundary": "",
            "tags": {},
            "tags_all": {},
            "unique_id": "AROATQ7FERFL4EYP6MD3S"
          },
          "sensitive_attributes": [],
          "private": "bnVsbA=="
        }
      ]
    },
    {
      "mode": "managed",
      "type": "aws_iam_role_policy_attachment",
      "name": "lambda_policy",
      "provider": "provider[\"registry.terraform.io/hashicorp/aws\"]",
      "instances": [
        {
          "schema_version": 0,
          "attributes": {
            "id": "lambda_execution_role-20240610150207943700000001",
            "policy_arn": "arn:aws:iam::aws:policy/service-role/AWSLambdaBasicExecutionRole",
            "role": "lambda_execution_role"
          },
          "sensitive_attributes": [],
          "private": "bnVsbA==",
          "dependencies": [
            "aws_iam_role.lambda_execution_role"
          ]
        }
      ]
    },
    {
      "mode": "managed",
      "type": "aws_lambda_function",
      "name": "example_lambda",
      "provider": "provider[\"registry.terraform.io/hashicorp/aws\"]",
      "instances": [
        {
          "index_key": "lambda_function_000",
          "schema_version": 0,
          "attributes": {
            "architectures": [
              "x86_64"
            ],
            "arn": "arn:aws:lambda:us-east-2:242609326423:function:lambda_function_000",
            "code_sha256": "gOm9KpLlaR8ct95mB0kVElxTQoqoRnVA4ielDVC93KU=",
            "code_signing_config_arn": "",
            "dead_letter_config": [],
            "description": "",
            "environment": [],
            "ephemeral_storage": [
              {
                "size": 512
              }
            ],
            "file_system_config": [],
            "filename": null,
            "function_name": "lambda_function_000",
            "handler": "lambda_function.lambda_handler",
            "id": "lambda_function_000",
            "image_config": [],
            "image_uri": "",
            "invoke_arn": "arn:aws:apigateway:us-east-2:lambda:path/2015-03-31/functions/arn:aws:lambda:us-east-2:242609326423:function:lambda_function_000/invocations",
            "kms_key_arn": "",
            "last_modified": "2024-06-10T15:53:54.069+0000",
            "layers": null,
            "logging_config": [
              {
                "application_log_level": "",
                "log_format": "Text",
                "log_group": "/aws/lambda/lambda_function_000",
                "system_log_level": ""
              }
            ],
            "memory_size": 128,
            "package_type": "Zip",
            "publish": false,
            "qualified_arn": "arn:aws:lambda:us-east-2:242609326423:function:lambda_function_000:$LATEST",
            "qualified_invoke_arn": "arn:aws:apigateway:us-east-2:lambda:path/2015-03-31/functions/arn:aws:lambda:us-east-2:242609326423:function:lambda_function_000:$LATEST/invocations",
            "replace_security_groups_on_destroy": null,
            "replacement_security_group_ids": null,
            "reserved_concurrent_executions": -1,
            "role": "arn:aws:iam::242609326423:role/lambda_execution_role",
            "runtime": "python3.12",
            "s3_bucket": "aws-cognito-lambda-fns",
            "s3_key": "lambda_function_000.zip",
            "s3_object_version": null,
            "signing_job_arn": "",
            "signing_profile_version_arn": "",
            "skip_destroy": false,
            "snap_start": [],
            "source_code_hash": "",
            "source_code_size": 476,
            "tags": null,
            "tags_all": {},
            "timeout": 3,
            "timeouts": null,
            "tracing_config": [
              {
                "mode": "PassThrough"
              }
            ],
            "version": "$LATEST",
            "vpc_config": []
          },
          "sensitive_attributes": [],
          "private": "eyJlMmJmYjczMC1lY2FhLTExZTYtOGY4OC0zNDM2M2JjN2M0YzAiOnsiY3JlYXRlIjo2MDAwMDAwMDAwMDAsImRlbGV0ZSI6NjAwMDAwMDAwMDAwLCJ1cGRhdGUiOjYwMDAwMDAwMDAwMH19",
          "dependencies": [
            "aws_iam_role.lambda_execution_role",
            "aws_s3_bucket.lambda_fns",
            "aws_s3_object.sample01_lambda_fn"
          ]
        },
        {
          "index_key": "lambda_function_001",
          "schema_version": 0,
          "attributes": {
            "architectures": [
              "x86_64"
            ],
            "arn": "arn:aws:lambda:us-east-2:242609326423:function:lambda_function_001",
            "code_sha256": "T7WvW05oAXHhrhhMN96dt4e3WYWtV8XuhGoH3RfNXzE=",
            "code_signing_config_arn": "",
            "dead_letter_config": [],
            "description": "",
            "environment": [],
            "ephemeral_storage": [
              {
                "size": 512
              }
            ],
            "file_system_config": [],
            "filename": null,
            "function_name": "lambda_function_001",
            "handler": "lambda_function.lambda_handler",
            "id": "lambda_function_001",
            "image_config": [],
            "image_uri": "",
            "invoke_arn": "arn:aws:apigateway:us-east-2:lambda:path/2015-03-31/functions/arn:aws:lambda:us-east-2:242609326423:function:lambda_function_001/invocations",
            "kms_key_arn": "",
            "last_modified": "2024-06-10T15:53:54.064+0000",
            "layers": null,
            "logging_config": [
              {
                "application_log_level": "",
                "log_format": "Text",
                "log_group": "/aws/lambda/lambda_function_001",
                "system_log_level": ""
              }
            ],
            "memory_size": 128,
            "package_type": "Zip",
            "publish": false,
            "qualified_arn": "arn:aws:lambda:us-east-2:242609326423:function:lambda_function_001:$LATEST",
            "qualified_invoke_arn": "arn:aws:apigateway:us-east-2:lambda:path/2015-03-31/functions/arn:aws:lambda:us-east-2:242609326423:function:lambda_function_001:$LATEST/invocations",
            "replace_security_groups_on_destroy": null,
            "replacement_security_group_ids": null,
            "reserved_concurrent_executions": -1,
            "role": "arn:aws:iam::242609326423:role/lambda_execution_role",
            "runtime": "python3.12",
            "s3_bucket": "aws-cognito-lambda-fns",
            "s3_key": "lambda_function_001.zip",
            "s3_object_version": null,
            "signing_job_arn": "",
            "signing_profile_version_arn": "",
            "skip_destroy": false,
            "snap_start": [],
            "source_code_hash": "",
            "source_code_size": 476,
            "tags": null,
            "tags_all": {},
            "timeout": 3,
            "timeouts": null,
            "tracing_config": [
              {
                "mode": "PassThrough"
              }
            ],
            "version": "$LATEST",
            "vpc_config": []
          },
          "sensitive_attributes": [],
          "private": "eyJlMmJmYjczMC1lY2FhLTExZTYtOGY4OC0zNDM2M2JjN2M0YzAiOnsiY3JlYXRlIjo2MDAwMDAwMDAwMDAsImRlbGV0ZSI6NjAwMDAwMDAwMDAwLCJ1cGRhdGUiOjYwMDAwMDAwMDAwMH19",
          "dependencies": [
            "aws_iam_role.lambda_execution_role",
            "aws_s3_bucket.lambda_fns",
            "aws_s3_object.sample01_lambda_fn"
          ]
        }
      ]
    },
    {
      "mode": "managed",
      "type": "aws_s3_bucket",
      "name": "lambda_fns",
      "provider": "provider[\"registry.terraform.io/hashicorp/aws\"]",
      "instances": [
        {
          "schema_version": 0,
          "attributes": {
            "acceleration_status": "",
            "acl": null,
            "arn": "arn:aws:s3:::aws-cognito-lambda-fns",
            "bucket": "aws-cognito-lambda-fns",
            "bucket_domain_name": "aws-cognito-lambda-fns.s3.amazonaws.com",
            "bucket_prefix": "",
            "bucket_regional_domain_name": "aws-cognito-lambda-fns.s3.us-east-2.amazonaws.com",
            "cors_rule": [],
            "force_destroy": false,
            "grant": [
              {
                "id": "bd839381b3d968e32ff582411dacee2b75696077fcfbd2350b6040751c873c81",
                "permissions": [
                  "FULL_CONTROL"
                ],
                "type": "CanonicalUser",
                "uri": ""
              }
            ],
            "hosted_zone_id": "Z2O1EMRO9K5GLX",
            "id": "aws-cognito-lambda-fns",
            "lifecycle_rule": [],
            "logging": [],
            "object_lock_configuration": [],
            "object_lock_enabled": false,
            "policy": "",
            "region": "us-east-2",
            "replication_configuration": [],
            "request_payer": "BucketOwner",
            "server_side_encryption_configuration": [
              {
                "rule": [
                  {
                    "apply_server_side_encryption_by_default": [
                      {
                        "kms_master_key_id": "",
                        "sse_algorithm": "AES256"
                      }
                    ],
                    "bucket_key_enabled": false
                  }
                ]
              }
            ],
            "tags": {
              "Environment": "Development",
              "Name": "My Terraform Bucket"
            },
            "tags_all": {
              "Environment": "Development",
              "Name": "My Terraform Bucket"
            },
            "timeouts": null,
            "versioning": [
              {
                "enabled": false,
                "mfa_delete": false
              }
            ],
            "website": [],
            "website_domain": null,
            "website_endpoint": null
          },
          "sensitive_attributes": [],
          "private": "eyJlMmJmYjczMC1lY2FhLTExZTYtOGY4OC0zNDM2M2JjN2M0YzAiOnsiY3JlYXRlIjoxMjAwMDAwMDAwMDAwLCJkZWxldGUiOjM2MDAwMDAwMDAwMDAsInJlYWQiOjEyMDAwMDAwMDAwMDAsInVwZGF0ZSI6MTIwMDAwMDAwMDAwMH19"
        }
      ]
    },
    {
      "mode": "managed",
      "type": "aws_s3_object",
      "name": "sample01_lambda_fn",
      "provider": "provider[\"registry.terraform.io/hashicorp/aws\"]",
      "instances": [
        {
          "index_key": "lambda_function_000",
          "schema_version": 0,
          "attributes": {
            "acl": null,
            "arn": "arn:aws:s3:::aws-cognito-lambda-fns/lambda_function_000.zip",
            "bucket": "aws-cognito-lambda-fns",
            "bucket_key_enabled": false,
            "cache_control": "",
            "checksum_algorithm": null,
            "checksum_crc32": "",
            "checksum_crc32c": "",
            "checksum_sha1": "",
            "checksum_sha256": "",
            "content": null,
            "content_base64": null,
            "content_disposition": "",
            "content_encoding": "",
            "content_language": "",
            "content_type": "application/octet-stream",
            "etag": "130892aef3eec0c7985006bd5cacf9de",
            "force_destroy": false,
            "id": "lambda_function_000.zip",
            "key": "lambda_function_000.zip",
            "kms_key_id": null,
            "metadata": null,
            "object_lock_legal_hold_status": "",
            "object_lock_mode": "",
            "object_lock_retain_until_date": "",
            "override_provider": [],
            "server_side_encryption": "AES256",
            "source": "../python_src/lambda_functions/lambda_function_000.zip",
            "source_hash": null,
            "storage_class": "STANDARD",
            "tags": null,
            "tags_all": {},
            "version_id": "",
            "website_redirect": ""
          },
          "sensitive_attributes": [],
          "private": "bnVsbA==",
          "dependencies": [
            "aws_s3_bucket.lambda_fns"
          ]
        },
        {
          "index_key": "lambda_function_001",
          "schema_version": 0,
          "attributes": {
            "acl": null,
            "arn": "arn:aws:s3:::aws-cognito-lambda-fns/lambda_function_001.zip",
            "bucket": "aws-cognito-lambda-fns",
            "bucket_key_enabled": false,
            "cache_control": "",
            "checksum_algorithm": null,
            "checksum_crc32": "",
            "checksum_crc32c": "",
            "checksum_sha1": "",
            "checksum_sha256": "",
            "content": null,
            "content_base64": null,
            "content_disposition": "",
            "content_encoding": "",
            "content_language": "",
            "content_type": "application/octet-stream",
            "etag": "619ad3a69c685b569c74ea5bed6ee834",
            "force_destroy": false,
            "id": "lambda_function_001.zip",
            "key": "lambda_function_001.zip",
            "kms_key_id": null,
            "metadata": null,
            "object_lock_legal_hold_status": "",
            "object_lock_mode": "",
            "object_lock_retain_until_date": "",
            "override_provider": [],
            "server_side_encryption": "AES256",
            "source": "../python_src/lambda_functions/lambda_function_001.zip",
            "source_hash": null,
            "storage_class": "STANDARD",
            "tags": null,
            "tags_all": {},
            "version_id": "",
            "website_redirect": ""
          },
          "sensitive_attributes": [],
          "private": "bnVsbA==",
          "dependencies": [
            "aws_s3_bucket.lambda_fns"
          ]
        }
      ]
    }
  ],
  "check_results": null
}
